// !$*UTF8*$!
{
	archiveVersion = 1;
	classes = {
	};
	objectVersion = 77;
	objects = {

/* Begin PBXContainerItemProxy section */
		39CF82012E15A8BB00CFC3B3 /* PBXContainerItemProxy */ = {
			isa = PBXContainerItemProxy;
			containerPortal = 39CF81E62E15A8BA00CFC3B3 /* Project object */;
			proxyType = 1;
			remoteGlobalIDString = 39CF81ED2E15A8BA00CFC3B3;
			remoteInfo = coreDataDemo;
		};
		39CF820B2E15A8BB00CFC3B3 /* PBXContainerItemProxy */ = {
			isa = PBXContainerItemProxy;
			containerPortal = 39CF81E62E15A8BA00CFC3B3 /* Project object */;
			proxyType = 1;
			remoteGlobalIDString = 39CF81ED2E15A8BA00CFC3B3;
			remoteInfo = coreDataDemo;
		};
/* End PBXContainerItemProxy section */

/* Begin PBXFileReference section */
		39CF81EE2E15A8BA00CFC3B3 /* coreDataDemo.app */ = {isa = PBXFileReference; explicitFileType = wrapper.application; includeInIndex = 0; path = coreDataDemo.app; sourceTree = BUILT_PRODUCTS_DIR; };
		39CF82002E15A8BB00CFC3B3 /* coreDataDemoTests.xctest */ = {isa = PBXFileReference; explicitFileType = wrapper.cfbundle; includeInIndex = 0; path = coreDataDemoTests.xctest; sourceTree = BUILT_PRODUCTS_DIR; };
		39CF820A2E15A8BB00CFC3B3 /* coreDataDemoUITests.xctest */ = {isa = PBXFileReference; explicitFileType = wrapper.cfbundle; includeInIndex = 0; path = coreDataDemoUITests.xctest; sourceTree = BUILT_PRODUCTS_DIR; };
/* End PBXFileReference section */

/* Begin PBXFileSystemSynchronizedRootGroup section */
		39CF81F02E15A8BA00CFC3B3 /* coreDataDemo */ = {
			isa = PBXFileSystemSynchronizedRootGroup;
			path = coreDataDemo;
			sourceTree = "<group>";
		};
		39CF82032E15A8BB00CFC3B3 /* coreDataDemoTests */ = {
			isa = PBXFileSystemSynchronizedRootGroup;
			path = coreDataDemoTests;
			sourceTree = "<group>";
		};
		39CF820D2E15A8BB00CFC3B3 /* coreDataDemoUITests */ = {
			isa = PBXFileSystemSynchronizedRootGroup;
			path = coreDataDemoUITests;
			sourceTree = "<group>";
		};
/* End PBXFileSystemSynchronizedRootGroup section */

/* Begin PBXFrameworksBuildPhase section */
		39CF81EB2E15A8BA00CFC3B3 /* Frameworks */ = {
			isa = PBXFrameworksBuildPhase;
			buildActionMask = 2147483647;
			files = (
			);
			runOnlyForDeploymentPostprocessing = 0;
		};
		39CF81FD2E15A8BB00CFC3B3 /* Frameworks */ = {
			isa = PBXFrameworksBuildPhase;
			buildActionMask = 2147483647;
			files = (
			);
			runOnlyForDeploymentPostprocessing = 0;
		};
		39CF82072E15A8BB00CFC3B3 /* Frameworks */ = {
			isa = PBXFrameworksBuildPhase;
			buildActionMask = 2147483647;
			files = (
			);
			runOnlyForDeploymentPostprocessing = 0;
		};
/* End PBXFrameworksBuildPhase section */

/* Begin PBXGroup section */
		39CF81E52E15A8BA00CFC3B3 = {
			isa = PBXGroup;
			children = (
				39CF81F02E15A8BA00CFC3B3 /* coreDataDemo */,
				39CF82032E15A8BB00CFC3B3 /* coreDataDemoTests */,
				39CF820D2E15A8BB00CFC3B3 /* coreDataDemoUITests */,
				39CF81EF2E15A8BA00CFC3B3 /* Products */,
			);
			sourceTree = "<group>";
		};
		39CF81EF2E15A8BA00CFC3B3 /* Products */ = {
			isa = PBXGroup;
			children = (
				39CF81EE2E15A8BA00CFC3B3 /* coreDataDemo.app */,
				39CF82002E15A8BB00CFC3B3 /* coreDataDemoTests.xctest */,
				39CF820A2E15A8BB00CFC3B3 /* coreDataDemoUITests.xctest */,
			);
			name = Products;
			sourceTree = "<group>";
		};
/* End PBXGroup section */

/* Begin PBXNativeTarget section */
		39CF81ED2E15A8BA00CFC3B3 /* coreDataDemo */ = {
			isa = PBXNativeTarget;
			buildConfigurationList = 39CF82142E15A8BB00CFC3B3 /* Build configuration list for PBXNativeTarget "coreDataDemo" */;
			buildPhases = (
				39CF81EA2E15A8BA00CFC3B3 /* Sources */,
				39CF81EB2E15A8BA00CFC3B3 /* Frameworks */,
				39CF81EC2E15A8BA00CFC3B3 /* Resources */,
			);
			buildRules = (
			);
			dependencies = (
			);
			fileSystemSynchronizedGroups = (
				39CF81F02E15A8BA00CFC3B3 /* coreDataDemo */,
			);
			name = coreDataDemo;
			packageProductDependencies = (
			);
			productName = coreDataDemo;
			productReference = 39CF81EE2E15A8BA00CFC3B3 /* coreDataDemo.app */;
			productType = "com.apple.product-type.application";
		};
		39CF81FF2E15A8BB00CFC3B3 /* coreDataDemoTests */ = {
			isa = PBXNativeTarget;
			buildConfigurationList = 39CF82172E15A8BB00CFC3B3 /* Build configuration list for PBXNativeTarget "coreDataDemoTests" */;
			buildPhases = (
				39CF81FC2E15A8BB00CFC3B3 /* Sources */,
				39CF81FD2E15A8BB00CFC3B3 /* Frameworks */,
				39CF81FE2E15A8BB00CFC3B3 /* Resources */,
			);
			buildRules = (
			);
			dependencies = (
				39CF82022E15A8BB00CFC3B3 /* PBXTargetDependency */,
			);
			fileSystemSynchronizedGroups = (
				39CF82032E15A8BB00CFC3B3 /* coreDataDemoTests */,
			);
			name = coreDataDemoTests;
			packageProductDependencies = (
			);
			productName = coreDataDemoTests;
			productReference = 39CF82002E15A8BB00CFC3B3 /* coreDataDemoTests.xctest */;
			productType = "com.apple.product-type.bundle.unit-test";
		};
		39CF82092E15A8BB00CFC3B3 /* coreDataDemoUITests */ = {
			isa = PBXNativeTarget;
			buildConfigurationList = 39CF821A2E15A8BB00CFC3B3 /* Build configuration list for PBXNativeTarget "coreDataDemoUITests" */;
			buildPhases = (
				39CF82062E15A8BB00CFC3B3 /* Sources */,
				39CF82072E15A8BB00CFC3B3 /* Frameworks */,
				39CF82082E15A8BB00CFC3B3 /* Resources */,
			);
			buildRules = (
			);
			dependencies = (
				39CF820C2E15A8BB00CFC3B3 /* PBXTargetDependency */,
			);
			fileSystemSynchronizedGroups = (
				39CF820D2E15A8BB00CFC3B3 /* coreDataDemoUITests */,
			);
			name = coreDataDemoUITests;
			packageProductDependencies = (
			);
			productName = coreDataDemoUITests;
			productReference = 39CF820A2E15A8BB00CFC3B3 /* coreDataDemoUITests.xctest */;
			productType = "com.apple.product-type.bundle.ui-testing";
		};
/* End PBXNativeTarget section */

/* Begin PBXProject section */
		39CF81E62E15A8BA00CFC3B3 /* Project object */ = {
			isa = PBXProject;
			attributes = {
				BuildIndependentTargetsInParallel = 1;
				LastSwiftUpdateCheck = 1640;
				LastUpgradeCheck = 1640;
				TargetAttributes = {
					39CF81ED2E15A8BA00CFC3B3 = {
						CreatedOnToolsVersion = 16.4;
					};
					39CF81FF2E15A8BB00CFC3B3 = {
						CreatedOnToolsVersion = 16.4;
						TestTargetID = 39CF81ED2E15A8BA00CFC3B3;
					};
					39CF82092E15A8BB00CFC3B3 = {
						CreatedOnToolsVersion = 16.4;
						TestTargetID = 39CF81ED2E15A8BA00CFC3B3;
					};
				};
			};
			buildConfigurationList = 39CF81E92E15A8BA00CFC3B3 /* Build configuration list for PBXProject "coreDataDemo" */;
			developmentRegion = en;
			hasScannedForEncodings = 0;
			knownRegions = (
				en,
				Base,
			);
			mainGroup = 39CF81E52E15A8BA00CFC3B3;
			minimizedProjectReferenceProxies = 1;
			preferredProjectObjectVersion = 77;
			productRefGroup = 39CF81EF2E15A8BA00CFC3B3 /* Products */;
			projectDirPath = "";
			projectRoot = "";
			targets = (
				39CF81ED2E15A8BA00CFC3B3 /* coreDataDemo */,
				39CF81FF2E15A8BB00CFC3B3 /* coreDataDemoTests */,
				39CF82092E15A8BB00CFC3B3 /* coreDataDemoUITests */,
			);
		};
/* End PBXProject section */

/* Begin PBXResourcesBuildPhase section */
		39CF81EC2E15A8BA00CFC3B3 /* Resources */ = {
			isa = PBXResourcesBuildPhase;
			buildActionMask = 2147483647;
			files = (
			);
			runOnlyForDeploymentPostprocessing = 0;
		};
		39CF81FE2E15A8BB00CFC3B3 /* Resources */ = {
			isa = PBXResourcesBuildPhase;
			buildActionMask = 2147483647;
			files = (
			);
			runOnlyForDeploymentPostprocessing = 0;
		};
		39CF82082E15A8BB00CFC3B3 /* Resources */ = {
			isa = PBXResourcesBuildPhase;
			buildActionMask = 2147483647;
			files = (
			);
			runOnlyForDeploymentPostprocessing = 0;
		};
/* End PBXResourcesBuildPhase section */

/* Begin PBXSourcesBuildPhase section */
		39CF81EA2E15A8BA00CFC3B3 /* Sources */ = {
			isa = PBXSourcesBuildPhase;
			buildActionMask = 2147483647;
			files = (
			);
			runOnlyForDeploymentPostprocessing = 0;
		};
		39CF81FC2E15A8BB00CFC3B3 /* Sources */ = {
			isa = PBXSourcesBuildPhase;
			buildActionMask = 2147483647;
			files = (
			);
			runOnlyForDeploymentPostprocessing = 0;
		};
		39CF82062E15A8BB00CFC3B3 /* Sources */ = {
			isa = PBXSourcesBuildPhase;
			buildActionMask = 2147483647;
			files = (
			);
			runOnlyForDeploymentPostprocessing = 0;
		};
/* End PBXSourcesBuildPhase section */

/* Begin PBXTargetDependency section */
		39CF82022E15A8BB00CFC3B3 /* PBXTargetDependency */ = {
			isa = PBXTargetDependency;
			target = 39CF81ED2E15A8BA00CFC3B3 /* coreDataDemo */;
			targetProxy = 39CF82012E15A8BB00CFC3B3 /* PBXContainerItemProxy */;
		};
		39CF820C2E15A8BB00CFC3B3 /* PBXTargetDependency */ = {
			isa = PBXTargetDependency;
			target = 39CF81ED2E15A8BA00CFC3B3 /* coreDataDemo */;
			targetProxy = 39CF820B2E15A8BB00CFC3B3 /* PBXContainerItemProxy */;
		};
/* End PBXTargetDependency section */

/* Begin XCBuildConfiguration section */
		39CF82122E15A8BB00CFC3B3 /* Debug */ = {
			isa = XCBuildConfiguration;
			buildSettings = {
				ALWAYS_SEARCH_USER_PATHS = NO;
				ASSETCATALOG_COMPILER_GENERATE_SWIFT_ASSET_SYMBOL_EXTENSIONS = YES;
				CLANG_ANALYZER_NONNULL = YES;
				CLANG_ANALYZER_NUMBER_OBJECT_CONVERSION = YES_AGGRESSIVE;
				CLANG_CXX_LANGUAGE_STANDARD = "gnu++20";
				CLANG_ENABLE_MODULES = YES;
				CLANG_ENABLE_OBJC_ARC = YES;
				CLANG_ENABLE_OBJC_WEAK = YES;
				CLANG_WARN_BLOCK_CAPTURE_AUTORELEASING = YES;
				CLANG_WARN_BOOL_CONVERSION = YES;
				CLANG_WARN_COMMA = YES;
				CLANG_WARN_CONSTANT_CONVERSION = YES;
				CLANG_WARN_DEPRECATED_OBJC_IMPLEMENTATIONS = YES;
				CLANG_WARN_DIRECT_OBJC_ISA_USAGE = YES_ERROR;
				CLANG_WARN_DOCUMENTATION_COMMENTS = YES;
				CLANG_WARN_EMPTY_BODY = YES;
				CLANG_WARN_ENUM_CONVERSION = YES;
				CLANG_WARN_INFINITE_RECURSION = YES;
				CLANG_WARN_INT_CONVERSION = YES;
				CLANG_WARN_NON_LITERAL_NULL_CONVERSION = YES;
				CLANG_WARN_OBJC_IMPLICIT_RETAIN_SELF = YES;
				CLANG_WARN_OBJC_LITERAL_CONVERSION = YES;
				CLANG_WARN_OBJC_ROOT_CLASS = YES_ERROR;
				CLANG_WARN_QUOTED_INCLUDE_IN_FRAMEWORK_HEADER = YES;
				CLANG_WARN_RANGE_LOOP_ANALYSIS = YES;
				CLANG_WARN_STRICT_PROTOTYPES = YES;
				CLANG_WARN_SUSPICIOUS_MOVE = YES;
				CLANG_WARN_UNGUARDED_AVAILABILITY = YES_AGGRESSIVE;
				CLANG_WARN_UNREACHABLE_CODE = YES;
				CLANG_WARN__DUPLICATE_METHOD_MATCH = YES;
				COPY_PHASE_STRIP = NO;
				DEBUG_INFORMATION_FORMAT = dwarf;
				DEVELOPMENT_TEAM = 42PJP39234;
				ENABLE_STRICT_OBJC_MSGSEND = YES;
				ENABLE_TESTABILITY = YES;
				ENABLE_USER_SCRIPT_SANDBOXING = YES;
				GCC_C_LANGUAGE_STANDARD = gnu17;
				GCC_DYNAMIC_NO_PIC = NO;
				GCC_NO_COMMON_BLOCKS = YES;
				GCC_OPTIMIZATION_LEVEL = 0;
				GCC_PREPROCESSOR_DEFINITIONS = (
					"DEBUG=1",
					"$(inherited)",
				);
				GCC_WARN_64_TO_32_BIT_CONVERSION = YES;
				GCC_WARN_ABOUT_RETURN_TYPE = YES_ERROR;
				GCC_WARN_UNDECLARED_SELECTOR = YES;
				GCC_WARN_UNINITIALIZED_AUTOS = YES_AGGRESSIVE;
				GCC_WARN_UNUSED_FUNCTION = YES;
				GCC_WARN_UNUSED_VARIABLE = YES;
				IPHONEOS_DEPLOYMENT_TARGET = 18.5;
				LOCALIZATION_PREFERS_STRING_CATALOGS = YES;
				MTL_ENABLE_DEBUG_INFO = INCLUDE_SOURCE;
				MTL_FAST_MATH = YES;
				ONLY_ACTIVE_ARCH = YES;
				SDKROOT = iphoneos;
				SWIFT_ACTIVE_COMPILATION_CONDITIONS = "DEBUG $(inherited)";
				SWIFT_OPTIMIZATION_LEVEL = "-Onone";
			};
			name = Debug;
		};
		39CF82132E15A8BB00CFC3B3 /* Release */ = {
			isa = XCBuildConfiguration;
			buildSettings = {
				ALWAYS_SEARCH_USER_PATHS = NO;
				ASSETCATALOG_COMPILER_GENERATE_SWIFT_ASSET_SYMBOL_EXTENSIONS = YES;
				CLANG_ANALYZER_NONNULL = YES;
				CLANG_ANALYZER_NUMBER_OBJECT_CONVERSION = YES_AGGRESSIVE;
				CLANG_CXX_LANGUAGE_STANDARD = "gnu++20";
				CLANG_ENABLE_MODULES = YES;
				CLANG_ENABLE_OBJC_ARC = YES;
				CLANG_ENABLE_OBJC_WEAK = YES;
				CLANG_WARN_BLOCK_CAPTURE_AUTORELEASING = YES;
				CLANG_WARN_BOOL_CONVERSION = YES;
				CLANG_WARN_COMMA = YES;
				CLANG_WARN_CONSTANT_CONVERSION = YES;
				CLANG_WARN_DEPRECATED_OBJC_IMPLEMENTATIONS = YES;
				CLANG_WARN_DIRECT_OBJC_ISA_USAGE = YES_ERROR;
				CLANG_WARN_DOCUMENTATION_COMMENTS = YES;
				CLANG_WARN_EMPTY_BODY = YES;
				CLANG_WARN_ENUM_CONVERSION = YES;
				CLANG_WARN_INFINITE_RECURSION = YES;
				CLANG_WARN_INT_CONVERSION = YES;
				CLANG_WARN_NON_LITERAL_NULL_CONVERSION = YES;
				CLANG_WARN_OBJC_IMPLICIT_RETAIN_SELF = YES;
				CLANG_WARN_OBJC_LITERAL_CONVERSION = YES;
				CLANG_WARN_OBJC_ROOT_CLASS = YES_ERROR;
				CLANG_WARN_QUOTED_INCLUDE_IN_FRAMEWORK_HEADER = YES;
				CLANG_WARN_RANGE_LOOP_ANALYSIS = YES;
				CLANG_WARN_STRICT_PROTOTYPES = YES;
				CLANG_WARN_SUSPICIOUS_MOVE = YES;
				CLANG_WARN_UNGUARDED_AVAILABILITY = YES_AGGRESSIVE;
				CLANG_WARN_UNREACHABLE_CODE = YES;
				CLANG_WARN__DUPLICATE_METHOD_MATCH = YES;
				COPY_PHASE_STRIP = NO;
				DEBUG_INFORMATION_FORMAT = "dwarf-with-dsym";
				DEVELOPMENT_TEAM = 42PJP39234;
				ENABLE_NS_ASSERTIONS = NO;
				ENABLE_STRICT_OBJC_MSGSEND = YES;
				ENABLE_USER_SCRIPT_SANDBOXING = YES;
				GCC_C_LANGUAGE_STANDARD = gnu17;
				GCC_NO_COMMON_BLOCKS = YES;
				GCC_WARN_64_TO_32_BIT_CONVERSION = YES;
				GCC_WARN_ABOUT_RETURN_TYPE = YES_ERROR;
				GCC_WARN_UNDECLARED_SELECTOR = YES;
				GCC_WARN_UNINITIALIZED_AUTOS = YES_AGGRESSIVE;
				GCC_WARN_UNUSED_FUNCTION = YES;
				GCC_WARN_UNUSED_VARIABLE = YES;
				IPHONEOS_DEPLOYMENT_TARGET = 18.5;
				LOCALIZATION_PREFERS_STRING_CATALOGS = YES;
				MTL_ENABLE_DEBUG_INFO = NO;
				MTL_FAST_MATH = YES;
				SDKROOT = iphoneos;
				SWIFT_COMPILATION_MODE = wholemodule;
				VALIDATE_PRODUCT = YES;
			};
			name = Release;
		};
		39CF82152E15A8BB00CFC3B3 /* Debug */ = {
			isa = XCBuildConfiguration;
			buildSettings = {
				ASSETCATALOG_COMPILER_APPICON_NAME = AppIcon;
				ASSETCATALOG_COMPILER_GLOBAL_ACCENT_COLOR_NAME = AccentColor;
				CODE_SIGN_STYLE = Automatic;
				CURRENT_PROJECT_VERSION = 1;
				DEVELOPMENT_TEAM = 42PJP39234;
				ENABLE_PREVIEWS = YES;
				GENERATE_INFOPLIST_FILE = YES;
				INFOPLIST_KEY_UIApplicationSceneManifest_Generation = YES;
				INFOPLIST_KEY_UIApplicationSupportsIndirectInputEvents = YES;
				INFOPLIST_KEY_UILaunchScreen_Generation = YES;
				INFOPLIST_KEY_UISupportedInterfaceOrientations_iPad = "UIInterfaceOrientationPortrait UIInterfaceOrientationPortraitUpsideDown UIInterfaceOrientationLandscapeLeft UIInterfaceOrientationLandscapeRight";
				INFOPLIST_KEY_UISupportedInterfaceOrientations_iPhone = "UIInterfaceOrientationPortrait UIInterfaceOrientationLandscapeLeft UIInterfaceOrientationLandscapeRight";
				LD_RUNPATH_SEARCH_PATHS = (
					"$(inherited)",
					"@executable_path/Frameworks",
				);
				MARKETING_VERSION = 1.0;
				PRODUCT_BUNDLE_IDENTIFIER = viniO.coreDataDemo;
				PRODUCT_NAME = "$(TARGET_NAME)";
				SWIFT_EMIT_LOC_STRINGS = YES;
				SWIFT_VERSION = 5.0;
				TARGETED_DEVICE_FAMILY = "1,2";
			};
			name = Debug;
		};
		39CF82162E15A8BB00CFC3B3 /* Release */ = {
			isa = XCBuildConfiguration;
			buildSettings = {
				ASSETCATALOG_COMPILER_APPICON_NAME = AppIcon;
				ASSETCATALOG_COMPILER_GLOBAL_ACCENT_COLOR_NAME = AccentColor;
				CODE_SIGN_STYLE = Automatic;
				CURRENT_PROJECT_VERSION = 1;
				DEVELOPMENT_TEAM = 42PJP39234;
				ENABLE_PREVIEWS = YES;
				GENERATE_INFOPLIST_FILE = YES;
				INFOPLIST_KEY_UIApplicationSceneManifest_Generation = YES;
				INFOPLIST_KEY_UIApplicationSupportsIndirectInputEvents = YES;
				INFOPLIST_KEY_UILaunchScreen_Generation = YES;
				INFOPLIST_KEY_UISupportedInterfaceOrientations_iPad = "UIInterfaceOrientationPortrait UIInterfaceOrientationPortraitUpsideDown UIInterfaceOrientationLandscapeLeft UIInterfaceOrientationLandscapeRight";
				INFOPLIST_KEY_UISupportedInterfaceOrientations_iPhone = "UIInterfaceOrientationPortrait UIInterfaceOrientationLandscapeLeft UIInterfaceOrientationLandscapeRight";
				LD_RUNPATH_SEARCH_PATHS = (
					"$(inherited)",
					"@executable_path/Frameworks",
				);
				MARKETING_VERSION = 1.0;
				PRODUCT_BUNDLE_IDENTIFIER = viniO.coreDataDemo;
				PRODUCT_NAME = "$(TARGET_NAME)";
				SWIFT_EMIT_LOC_STRINGS = YES;
				SWIFT_VERSION = 5.0;
				TARGETED_DEVICE_FAMILY = "1,2";
			};
			name = Release;
		};
		39CF82182E15A8BB00CFC3B3 /* Debug */ = {
			isa = XCBuildConfiguration;
			buildSettings = {
				BUNDLE_LOADER = "$(TEST_HOST)";
				CODE_SIGN_STYLE = Automatic;
				CURRENT_PROJECT_VERSION = 1;
				DEVELOPMENT_TEAM = 42PJP39234;
				GENERATE_INFOPLIST_FILE = YES;
				IPHONEOS_DEPLOYMENT_TARGET = 18.5;
				MARKETING_VERSION = 1.0;
				PRODUCT_BUNDLE_IDENTIFIER = viniO.coreDataDemoTests;
				PRODUCT_NAME = "$(TARGET_NAME)";
				SWIFT_EMIT_LOC_STRINGS = NO;
				SWIFT_VERSION = 5.0;
				TARGETED_DEVICE_FAMILY = "1,2";
				TEST_HOST = "$(BUILT_PRODUCTS_DIR)/coreDataDemo.app/$(BUNDLE_EXECUTABLE_FOLDER_PATH)/coreDataDemo";
			};
			name = Debug;
		};
		39CF82192E15A8BB00CFC3B3 /* Release */ = {
			isa = XCBuildConfiguration;
			buildSettings = {
				BUNDLE_LOADER = "$(TEST_HOST)";
				CODE_SIGN_STYLE = Automatic;
				CURRENT_PROJECT_VERSION = 1;
				DEVELOPMENT_TEAM = 42PJP39234;
				GENERATE_INFOPLIST_FILE = YES;
				IPHONEOS_DEPLOYMENT_TARGET = 18.5;
				MARKETING_VERSION = 1.0;
				PRODUCT_BUNDLE_IDENTIFIER = viniO.coreDataDemoTests;
				PRODUCT_NAME = "$(TARGET_NAME)";
				SWIFT_EMIT_LOC_STRINGS = NO;
				SWIFT_VERSION = 5.0;
				TARGETED_DEVICE_FAMILY = "1,2";
				TEST_HOST = "$(BUILT_PRODUCTS_DIR)/coreDataDemo.app/$(BUNDLE_EXECUTABLE_FOLDER_PATH)/coreDataDemo";
			};
			name = Release;
		};
		39CF821B2E15A8BB00CFC3B3 /* Debug */ = {
			isa = XCBuildConfiguration;
			buildSettings = {
				CODE_SIGN_STYLE = Automatic;
				CURRENT_PROJECT_VERSION = 1;
				DEVELOPMENT_TEAM = 42PJP39234;
				GENERATE_INFOPLIST_FILE = YES;
				MARKETING_VERSION = 1.0;
				PRODUCT_BUNDLE_IDENTIFIER = viniO.coreDataDemoUITests;
				PRODUCT_NAME = "$(TARGET_NAME)";
				SWIFT_EMIT_LOC_STRINGS = NO;
				SWIFT_VERSION = 5.0;
				TARGETED_DEVICE_FAMILY = "1,2";
				TEST_TARGET_NAME = coreDataDemo;
			};
			name = Debug;
		};
		39CF821C2E15A8BB00CFC3B3 /* Release */ = {
			isa = XCBuildConfiguration;
			buildSettings = {
				CODE_SIGN_STYLE = Automatic;
				CURRENT_PROJECT_VERSION = 1;
				DEVELOPMENT_TEAM = 42PJP39234;
				GENERATE_INFOPLIST_FILE = YES;
				MARKETING_VERSION = 1.0;
				PRODUCT_BUNDLE_IDENTIFIER = viniO.coreDataDemoUITests;
				PRODUCT_NAME = "$(TARGET_NAME)";
				SWIFT_EMIT_LOC_STRINGS = NO;
				SWIFT_VERSION = 5.0;
				TARGETED_DEVICE_FAMILY = "1,2";
				TEST_TARGET_NAME = coreDataDemo;
			};
			name = Release;
		};
/* End XCBuildConfiguration section */

/* Begin XCConfigurationList section */
		39CF81E92E15A8BA00CFC3B3 /* Build configuration list for PBXProject "coreDataDemo" */ = {
			isa = XCConfigurationList;
			buildConfigurations = (
				39CF82122E15A8BB00CFC3B3 /* Debug */,
				39CF82132E15A8BB00CFC3B3 /* Release */,
			);
			defaultConfigurationIsVisible = 0;
			defaultConfigurationName = Release;
		};
		39CF82142E15A8BB00CFC3B3 /* Build configuration list for PBXNativeTarget "coreDataDemo" */ = {
			isa = XCConfigurationList;
			buildConfigurations = (
				39CF82152E15A8BB00CFC3B3 /* Debug */,
				39CF82162E15A8BB00CFC3B3 /* Release */,
			);
			defaultConfigurationIsVisible = 0;
			defaultConfigurationName = Release;
		};
		39CF82172E15A8BB00CFC3B3 /* Build configuration list for PBXNativeTarget "coreDataDemoTests" */ = {
			isa = XCConfigurationList;
			buildConfigurations = (
				39CF82182E15A8BB00CFC3B3 /* Debug */,
				39CF82192E15A8BB00CFC3B3 /* Release */,
			);
			defaultConfigurationIsVisible = 0;
			defaultConfigurationName = Release;
		};
		39CF821A2E15A8BB00CFC3B3 /* Build configuration list for PBXNativeTarget "coreDataDemoUITests" */ = {
			isa = XCConfigurationList;
			buildConfigurations = (
				39CF821B2E15A8BB00CFC3B3 /* Debug */,
				39CF821C2E15A8BB00CFC3B3 /* Release */,
			);
			defaultConfigurationIsVisible = 0;
			defaultConfigurationName = Release;
		};
/* End XCConfigurationList section */
	};
	rootObject = 39CF81E62E15A8BA00CFC3B3 /* Project object */;
}
